// !$*UTF8*$!
{
	archiveVersion = 1;
	classes = {
	};
	objectVersion = 46;
	objects = {

/* Begin PBXAggregateTarget section */
		2EA0E0A1192D7A3900A24B35 /* CGDataControllerUniversal */ = {
			isa = PBXAggregateTarget;
			buildConfigurationList = 2EA0E0A4192D7A3900A24B35 /* Build configuration list for PBXAggregateTarget "CGDataControllerUniversal" */;
			buildPhases = (
				2EA0E0A5192D7A4000A24B35 /* ShellScript */,
			);
			dependencies = (
			);
			name = CGDataControllerUniversal;
			productName = CGDataControllerUniversal;
		};
/* End PBXAggregateTarget section */

/* Begin PBXBuildFile section */
		2E19ED3818E77C5600CB749E /* Foundation.framework in Frameworks */ = {isa = PBXBuildFile; fileRef = 2E19ED3718E77C5600CB749E /* Foundation.framework */; };
		2E19ED4618E77C5600CB749E /* XCTest.framework in Frameworks */ = {isa = PBXBuildFile; fileRef = 2E19ED4518E77C5600CB749E /* XCTest.framework */; };
		2E19ED4718E77C5600CB749E /* Foundation.framework in Frameworks */ = {isa = PBXBuildFile; fileRef = 2E19ED3718E77C5600CB749E /* Foundation.framework */; };
		2E19ED4918E77C5600CB749E /* UIKit.framework in Frameworks */ = {isa = PBXBuildFile; fileRef = 2E19ED4818E77C5600CB749E /* UIKit.framework */; };
		2E19ED4C18E77C5600CB749E /* libCGDataController.a in Frameworks */ = {isa = PBXBuildFile; fileRef = 2E19ED3418E77C5600CB749E /* libCGDataController.a */; };
		2E19ED5218E77C5600CB749E /* InfoPlist.strings in Resources */ = {isa = PBXBuildFile; fileRef = 2E19ED5018E77C5600CB749E /* InfoPlist.strings */; };
		2E19ED5418E77C5600CB749E /* CGDataControllerTests.m in Sources */ = {isa = PBXBuildFile; fileRef = 2E19ED5318E77C5600CB749E /* CGDataControllerTests.m */; };
		2E19ED5F18E77CA600CB749E /* CGDataController.m in Sources */ = {isa = PBXBuildFile; fileRef = 2E19ED5E18E77CA600CB749E /* CGDataController.m */; };
		2E19ED6118E77CB900CB749E /* CoreData.framework in Frameworks */ = {isa = PBXBuildFile; fileRef = 2E19ED6018E77CB900CB749E /* CoreData.framework */; };
		2E322AE918F208040005CF17 /* CGDataController.h in Headers */ = {isa = PBXBuildFile; fileRef = 2E19ED5D18E77CA600CB749E /* CGDataController.h */; };
		2E322AEA18F208040005CF17 /* NSManagedObject+SYNC.h in Headers */ = {isa = PBXBuildFile; fileRef = 2E6FBACD18EA092A008AA837 /* NSManagedObject+SYNC.h */; };
		2E6FBACF18EA092A008AA837 /* NSManagedObject+SYNC.m in Sources */ = {isa = PBXBuildFile; fileRef = 2E6FBACE18EA092A008AA837 /* NSManagedObject+SYNC.m */; };
/* End PBXBuildFile section */

/* Begin PBXContainerItemProxy section */
		2E19ED4A18E77C5600CB749E /* PBXContainerItemProxy */ = {
			isa = PBXContainerItemProxy;
			containerPortal = 2E19ED2C18E77C5600CB749E /* Project object */;
			proxyType = 1;
			remoteGlobalIDString = 2E19ED3318E77C5600CB749E;
			remoteInfo = CGDataController;
		};
/* End PBXContainerItemProxy section */

/* Begin PBXCopyFilesBuildPhase section */
		2E19ED3218E77C5600CB749E /* CopyFiles */ = {
			isa = PBXCopyFilesBuildPhase;
			buildActionMask = 2147483647;
			dstPath = "include/$(PRODUCT_NAME)";
			dstSubfolderSpec = 16;
			files = (
			);
			runOnlyForDeploymentPostprocessing = 0;
		};
/* End PBXCopyFilesBuildPhase section */

/* Begin PBXFileReference section */
		2E19ED3418E77C5600CB749E /* libCGDataController.a */ = {isa = PBXFileReference; explicitFileType = archive.ar; includeInIndex = 0; path = libCGDataController.a; sourceTree = BUILT_PRODUCTS_DIR; };
		2E19ED3718E77C5600CB749E /* Foundation.framework */ = {isa = PBXFileReference; lastKnownFileType = wrapper.framework; name = Foundation.framework; path = System/Library/Frameworks/Foundation.framework; sourceTree = SDKROOT; };
		2E19ED3B18E77C5600CB749E /* CGDataController-Prefix.pch */ = {isa = PBXFileReference; lastKnownFileType = sourcecode.c.h; path = "CGDataController-Prefix.pch"; sourceTree = "<group>"; };
		2E19ED4418E77C5600CB749E /* CGDataControllerTests.xctest */ = {isa = PBXFileReference; explicitFileType = wrapper.cfbundle; includeInIndex = 0; path = CGDataControllerTests.xctest; sourceTree = BUILT_PRODUCTS_DIR; };
		2E19ED4518E77C5600CB749E /* XCTest.framework */ = {isa = PBXFileReference; lastKnownFileType = wrapper.framework; name = XCTest.framework; path = Library/Frameworks/XCTest.framework; sourceTree = DEVELOPER_DIR; };
		2E19ED4818E77C5600CB749E /* UIKit.framework */ = {isa = PBXFileReference; lastKnownFileType = wrapper.framework; name = UIKit.framework; path = Library/Frameworks/UIKit.framework; sourceTree = DEVELOPER_DIR; };
		2E19ED4F18E77C5600CB749E /* CGDataControllerTests-Info.plist */ = {isa = PBXFileReference; lastKnownFileType = text.plist.xml; path = "CGDataControllerTests-Info.plist"; sourceTree = "<group>"; };
		2E19ED5118E77C5600CB749E /* en */ = {isa = PBXFileReference; lastKnownFileType = text.plist.strings; name = en; path = en.lproj/InfoPlist.strings; sourceTree = "<group>"; };
		2E19ED5318E77C5600CB749E /* CGDataControllerTests.m */ = {isa = PBXFileReference; lastKnownFileType = sourcecode.c.objc; path = CGDataControllerTests.m; sourceTree = "<group>"; };
		2E19ED5D18E77CA600CB749E /* CGDataController.h */ = {isa = PBXFileReference; fileEncoding = 4; lastKnownFileType = sourcecode.c.h; path = CGDataController.h; sourceTree = "<group>"; };
		2E19ED5E18E77CA600CB749E /* CGDataController.m */ = {isa = PBXFileReference; fileEncoding = 4; lastKnownFileType = sourcecode.c.objc; path = CGDataController.m; sourceTree = "<group>"; };
		2E19ED6018E77CB900CB749E /* CoreData.framework */ = {isa = PBXFileReference; lastKnownFileType = wrapper.framework; name = CoreData.framework; path = System/Library/Frameworks/CoreData.framework; sourceTree = SDKROOT; };
		2E6FBACD18EA092A008AA837 /* NSManagedObject+SYNC.h */ = {isa = PBXFileReference; fileEncoding = 4; lastKnownFileType = sourcecode.c.h; path = "NSManagedObject+SYNC.h"; sourceTree = "<group>"; };
		2E6FBACE18EA092A008AA837 /* NSManagedObject+SYNC.m */ = {isa = PBXFileReference; fileEncoding = 4; lastKnownFileType = sourcecode.c.objc; path = "NSManagedObject+SYNC.m"; sourceTree = "<group>"; };
/* End PBXFileReference section */

/* Begin PBXFrameworksBuildPhase section */
		2E19ED3118E77C5600CB749E /* Frameworks */ = {
			isa = PBXFrameworksBuildPhase;
			buildActionMask = 2147483647;
			files = (
				2E19ED6118E77CB900CB749E /* CoreData.framework in Frameworks */,
				2E19ED3818E77C5600CB749E /* Foundation.framework in Frameworks */,
			);
			runOnlyForDeploymentPostprocessing = 0;
		};
		2E19ED4118E77C5600CB749E /* Frameworks */ = {
			isa = PBXFrameworksBuildPhase;
			buildActionMask = 2147483647;
			files = (
				2E19ED4618E77C5600CB749E /* XCTest.framework in Frameworks */,
				2E19ED4918E77C5600CB749E /* UIKit.framework in Frameworks */,
				2E19ED4718E77C5600CB749E /* Foundation.framework in Frameworks */,
				2E19ED4C18E77C5600CB749E /* libCGDataController.a in Frameworks */,
			);
			runOnlyForDeploymentPostprocessing = 0;
		};
/* End PBXFrameworksBuildPhase section */

/* Begin PBXGroup section */
		2E19ED2B18E77C5600CB749E = {
			isa = PBXGroup;
			children = (
				2E19ED3918E77C5600CB749E /* CGDataController */,
				2E19ED4D18E77C5600CB749E /* CGDataControllerTests */,
				2E19ED3618E77C5600CB749E /* Frameworks */,
				2E19ED3518E77C5600CB749E /* Products */,
			);
			sourceTree = "<group>";
		};
		2E19ED3518E77C5600CB749E /* Products */ = {
			isa = PBXGroup;
			children = (
				2E19ED3418E77C5600CB749E /* libCGDataController.a */,
				2E19ED4418E77C5600CB749E /* CGDataControllerTests.xctest */,
			);
			name = Products;
			sourceTree = "<group>";
		};
		2E19ED3618E77C5600CB749E /* Frameworks */ = {
			isa = PBXGroup;
			children = (
				2E19ED6018E77CB900CB749E /* CoreData.framework */,
				2E19ED3718E77C5600CB749E /* Foundation.framework */,
				2E19ED4518E77C5600CB749E /* XCTest.framework */,
				2E19ED4818E77C5600CB749E /* UIKit.framework */,
			);
			name = Frameworks;
			sourceTree = "<group>";
		};
		2E19ED3918E77C5600CB749E /* CGDataController */ = {
			isa = PBXGroup;
			children = (
				2E19ED5D18E77CA600CB749E /* CGDataController.h */,
				2E19ED5E18E77CA600CB749E /* CGDataController.m */,
				2E6FBACD18EA092A008AA837 /* NSManagedObject+SYNC.h */,
				2E6FBACE18EA092A008AA837 /* NSManagedObject+SYNC.m */,
				2E19ED3A18E77C5600CB749E /* Supporting Files */,
			);
			path = CGDataController;
			sourceTree = "<group>";
		};
		2E19ED3A18E77C5600CB749E /* Supporting Files */ = {
			isa = PBXGroup;
			children = (
				2E19ED3B18E77C5600CB749E /* CGDataController-Prefix.pch */,
			);
			name = "Supporting Files";
			sourceTree = "<group>";
		};
		2E19ED4D18E77C5600CB749E /* CGDataControllerTests */ = {
			isa = PBXGroup;
			children = (
				2E19ED5318E77C5600CB749E /* CGDataControllerTests.m */,
				2E19ED4E18E77C5600CB749E /* Supporting Files */,
			);
			path = CGDataControllerTests;
			sourceTree = "<group>";
		};
		2E19ED4E18E77C5600CB749E /* Supporting Files */ = {
			isa = PBXGroup;
			children = (
				2E19ED4F18E77C5600CB749E /* CGDataControllerTests-Info.plist */,
				2E19ED5018E77C5600CB749E /* InfoPlist.strings */,
			);
			name = "Supporting Files";
			sourceTree = "<group>";
		};
/* End PBXGroup section */

/* Begin PBXHeadersBuildPhase section */
		2E322AE618F207C90005CF17 /* Headers */ = {
			isa = PBXHeadersBuildPhase;
			buildActionMask = 2147483647;
			files = (
				2E322AE918F208040005CF17 /* CGDataController.h in Headers */,
				2E322AEA18F208040005CF17 /* NSManagedObject+SYNC.h in Headers */,
			);
			runOnlyForDeploymentPostprocessing = 0;
		};
/* End PBXHeadersBuildPhase section */

/* Begin PBXNativeTarget section */
		2E19ED3318E77C5600CB749E /* CGDataController */ = {
			isa = PBXNativeTarget;
			buildConfigurationList = 2E19ED5718E77C5600CB749E /* Build configuration list for PBXNativeTarget "CGDataController" */;
			buildPhases = (
				2E19ED3018E77C5600CB749E /* Sources */,
				2E19ED3118E77C5600CB749E /* Frameworks */,
				2E19ED3218E77C5600CB749E /* CopyFiles */,
				2E322AE618F207C90005CF17 /* Headers */,
			);
			buildRules = (
			);
			dependencies = (
			);
			name = CGDataController;
			productName = CGDataController;
			productReference = 2E19ED3418E77C5600CB749E /* libCGDataController.a */;
			productType = "com.apple.product-type.library.static";
		};
		2E19ED4318E77C5600CB749E /* CGDataControllerTests */ = {
			isa = PBXNativeTarget;
			buildConfigurationList = 2E19ED5A18E77C5600CB749E /* Build configuration list for PBXNativeTarget "CGDataControllerTests" */;
			buildPhases = (
				2E19ED4018E77C5600CB749E /* Sources */,
				2E19ED4118E77C5600CB749E /* Frameworks */,
				2E19ED4218E77C5600CB749E /* Resources */,
			);
			buildRules = (
			);
			dependencies = (
				2E19ED4B18E77C5600CB749E /* PBXTargetDependency */,
			);
			name = CGDataControllerTests;
			productName = CGDataControllerTests;
			productReference = 2E19ED4418E77C5600CB749E /* CGDataControllerTests.xctest */;
			productType = "com.apple.product-type.bundle.unit-test";
		};
/* End PBXNativeTarget section */

/* Begin PBXProject section */
		2E19ED2C18E77C5600CB749E /* Project object */ = {
			isa = PBXProject;
			attributes = {
				LastUpgradeCheck = 0510;
				ORGANIZATIONNAME = "Revision Works, LLC";
			};
			buildConfigurationList = 2E19ED2F18E77C5600CB749E /* Build configuration list for PBXProject "CGDataController" */;
			compatibilityVersion = "Xcode 3.2";
			developmentRegion = English;
			hasScannedForEncodings = 0;
			knownRegions = (
				en,
			);
			mainGroup = 2E19ED2B18E77C5600CB749E;
			productRefGroup = 2E19ED3518E77C5600CB749E /* Products */;
			projectDirPath = "";
			projectRoot = "";
			targets = (
				2E19ED3318E77C5600CB749E /* CGDataController */,
				2E19ED4318E77C5600CB749E /* CGDataControllerTests */,
				2EA0E0A1192D7A3900A24B35 /* CGDataControllerUniversal */,
			);
		};
/* End PBXProject section */

/* Begin PBXResourcesBuildPhase section */
		2E19ED4218E77C5600CB749E /* Resources */ = {
			isa = PBXResourcesBuildPhase;
			buildActionMask = 2147483647;
			files = (
				2E19ED5218E77C5600CB749E /* InfoPlist.strings in Resources */,
			);
			runOnlyForDeploymentPostprocessing = 0;
		};
/* End PBXResourcesBuildPhase section */

/* Begin PBXShellScriptBuildPhase section */
		2EA0E0A5192D7A4000A24B35 /* ShellScript */ = {
			isa = PBXShellScriptBuildPhase;
			buildActionMask = 2147483647;
			files = (
			);
			inputPaths = (
			);
			outputPaths = (
			);
			runOnlyForDeploymentPostprocessing = 0;
			shellPath = /bin/sh;
			shellScript = "LIB_TARGET_NAME=\"CGDataController\"\n\nif [ \"${ACTION}\" = \"clean\" ]\nthen\necho \"Cleaning Libraries...\"\ncd \"${PROJECT_DIR}\"\nxcodebuild -target \"$LIB_TARGET_NAME\" -configuration ${CONFIGURATION} -sdk iphoneos clean\nxcodebuild -target \"$LIB_TARGET_NAME\" -configuration ${CONFIGURATION} -sdk iphonesimulator clean\nfi\n\nif [ \"${ACTION}\" = \"build\" ]\nthen\necho \"Building Libraries\"\ncd \"${PROJECT_DIR}\"\nxcodebuild -target \"$LIB_TARGET_NAME\" -configuration ${CONFIGURATION} -sdk iphoneos\nxcodebuild -target \"$LIB_TARGET_NAME\" -configuration ${CONFIGURATION} -sdk iphonesimulator\n\n# Check that this is what your static libraries are called\nARM_FILES=\"${PROJECT_DIR}/build/${CONFIGURATION}-iphoneos/lib${LIB_TARGET_NAME}.a\"\nI386_FILES=\"${PROJECT_DIR}/build/${CONFIGURATION}-iphonesimulator/lib${LIB_TARGET_NAME}.a\"\n\necho \"Creating library...\"\nlipo -create \"$ARM_FILES\" \"$I386_FILES\" -o \"${PROJECT_DIR}/build/${CONFIGURATION}-iphoneos/lib${PRODUCT_NAME}.a\"\nfi";
		};
/* End PBXShellScriptBuildPhase section */

/* Begin PBXSourcesBuildPhase section */
		2E19ED3018E77C5600CB749E /* Sources */ = {
			isa = PBXSourcesBuildPhase;
			buildActionMask = 2147483647;
			files = (
				2E6FBACF18EA092A008AA837 /* NSManagedObject+SYNC.m in Sources */,
				2E19ED5F18E77CA600CB749E /* CGDataController.m in Sources */,
			);
			runOnlyForDeploymentPostprocessing = 0;
		};
		2E19ED4018E77C5600CB749E /* Sources */ = {
			isa = PBXSourcesBuildPhase;
			buildActionMask = 2147483647;
			files = (
				2E19ED5418E77C5600CB749E /* CGDataControllerTests.m in Sources */,
			);
			runOnlyForDeploymentPostprocessing = 0;
		};
/* End PBXSourcesBuildPhase section */

/* Begin PBXTargetDependency section */
		2E19ED4B18E77C5600CB749E /* PBXTargetDependency */ = {
			isa = PBXTargetDependency;
			target = 2E19ED3318E77C5600CB749E /* CGDataController */;
			targetProxy = 2E19ED4A18E77C5600CB749E /* PBXContainerItemProxy */;
		};
/* End PBXTargetDependency section */

/* Begin PBXVariantGroup section */
		2E19ED5018E77C5600CB749E /* InfoPlist.strings */ = {
			isa = PBXVariantGroup;
			children = (
				2E19ED5118E77C5600CB749E /* en */,
			);
			name = InfoPlist.strings;
			sourceTree = "<group>";
		};
/* End PBXVariantGroup section */

/* Begin XCBuildConfiguration section */
		2E19ED5518E77C5600CB749E /* Debug */ = {
			isa = XCBuildConfiguration;
			buildSettings = {
				ALWAYS_SEARCH_USER_PATHS = NO;
				CLANG_CXX_LANGUAGE_STANDARD = "gnu++0x";
				CLANG_CXX_LIBRARY = "libc++";
				CLANG_ENABLE_MODULES = YES;
				CLANG_ENABLE_OBJC_ARC = YES;
				CLANG_WARN_BOOL_CONVERSION = YES;
				CLANG_WARN_CONSTANT_CONVERSION = YES;
				CLANG_WARN_DIRECT_OBJC_ISA_USAGE = YES_ERROR;
				CLANG_WARN_EMPTY_BODY = YES;
				CLANG_WARN_ENUM_CONVERSION = YES;
				CLANG_WARN_INT_CONVERSION = YES;
				CLANG_WARN_OBJC_ROOT_CLASS = YES_ERROR;
				CLANG_WARN__DUPLICATE_METHOD_MATCH = YES;
				COPY_PHASE_STRIP = NO;
				GCC_C_LANGUAGE_STANDARD = gnu99;
				GCC_DYNAMIC_NO_PIC = NO;
				GCC_OPTIMIZATION_LEVEL = 0;
				GCC_PREPROCESSOR_DEFINITIONS = (
					"DEBUG=1",
					"$(inherited)",
				);
				GCC_SYMBOLS_PRIVATE_EXTERN = NO;
				GCC_WARN_64_TO_32_BIT_CONVERSION = YES;
				GCC_WARN_ABOUT_RETURN_TYPE = YES_ERROR;
				GCC_WARN_UNDECLARED_SELECTOR = YES;
				GCC_WARN_UNINITIALIZED_AUTOS = YES_AGGRESSIVE;
				GCC_WARN_UNUSED_FUNCTION = YES;
				GCC_WARN_UNUSED_VARIABLE = YES;
				IPHONEOS_DEPLOYMENT_TARGET = 7.1;
				ONLY_ACTIVE_ARCH = YES;
				SDKROOT = iphoneos;
				SKIP_INSTALL = YES;
			};
			name = Debug;
		};
		2E19ED5618E77C5600CB749E /* Release */ = {
			isa = XCBuildConfiguration;
			buildSettings = {
				ALWAYS_SEARCH_USER_PATHS = NO;
				CLANG_CXX_LANGUAGE_STANDARD = "gnu++0x";
				CLANG_CXX_LIBRARY = "libc++";
				CLANG_ENABLE_MODULES = YES;
				CLANG_ENABLE_OBJC_ARC = YES;
				CLANG_WARN_BOOL_CONVERSION = YES;
				CLANG_WARN_CONSTANT_CONVERSION = YES;
				CLANG_WARN_DIRECT_OBJC_ISA_USAGE = YES_ERROR;
				CLANG_WARN_EMPTY_BODY = YES;
				CLANG_WARN_ENUM_CONVERSION = YES;
				CLANG_WARN_INT_CONVERSION = YES;
				CLANG_WARN_OBJC_ROOT_CLASS = YES_ERROR;
				CLANG_WARN__DUPLICATE_METHOD_MATCH = YES;
				COPY_PHASE_STRIP = YES;
				ENABLE_NS_ASSERTIONS = NO;
				GCC_C_LANGUAGE_STANDARD = gnu99;
				GCC_WARN_64_TO_32_BIT_CONVERSION = YES;
				GCC_WARN_ABOUT_RETURN_TYPE = YES_ERROR;
				GCC_WARN_UNDECLARED_SELECTOR = YES;
				GCC_WARN_UNINITIALIZED_AUTOS = YES_AGGRESSIVE;
				GCC_WARN_UNUSED_FUNCTION = YES;
				GCC_WARN_UNUSED_VARIABLE = YES;
				IPHONEOS_DEPLOYMENT_TARGET = 7.1;
				SDKROOT = iphoneos;
				SKIP_INSTALL = YES;
				VALIDATE_PRODUCT = YES;
			};
			name = Release;
		};
		2E19ED5818E77C5600CB749E /* Debug */ = {
			isa = XCBuildConfiguration;
			buildSettings = {
				DSTROOT = /tmp/CGDataController.dst;
				GCC_PRECOMPILE_PREFIX_HEADER = YES;
				GCC_PREFIX_HEADER = "CGDataController/CGDataController-Prefix.pch";
				ONLY_ACTIVE_ARCH = NO;
				OTHER_LDFLAGS = "-ObjC";
				PRODUCT_NAME = "$(TARGET_NAME)";
				SKIP_INSTALL = YES;
			};
			name = Debug;
		};
		2E19ED5918E77C5600CB749E /* Release */ = {
			isa = XCBuildConfiguration;
			buildSettings = {
				DSTROOT = /tmp/CGDataController.dst;
				GCC_PRECOMPILE_PREFIX_HEADER = YES;
				GCC_PREFIX_HEADER = "CGDataController/CGDataController-Prefix.pch";
				ONLY_ACTIVE_ARCH = NO;
				OTHER_LDFLAGS = "-ObjC";
				PRODUCT_NAME = "$(TARGET_NAME)";
				SKIP_INSTALL = YES;
			};
			name = Release;
		};
		2E19ED5B18E77C5600CB749E /* Debug */ = {
			isa = XCBuildConfiguration;
			buildSettings = {
				FRAMEWORK_SEARCH_PATHS = (
					"$(SDKROOT)/Developer/Library/Frameworks",
					"$(inherited)",
					"$(DEVELOPER_FRAMEWORKS_DIR)",
				);
				GCC_PRECOMPILE_PREFIX_HEADER = YES;
				GCC_PREFIX_HEADER = "CGDataController/CGDataController-Prefix.pch";
				GCC_PREPROCESSOR_DEFINITIONS = (
					"DEBUG=1",
					"$(inherited)",
				);
				INFOPLIST_FILE = "CGDataControllerTests/CGDataControllerTests-Info.plist";
				PRODUCT_NAME = "$(TARGET_NAME)";
				WRAPPER_EXTENSION = xctest;
			};
			name = Debug;
		};
		2E19ED5C18E77C5600CB749E /* Release */ = {
			isa = XCBuildConfiguration;
			buildSettings = {
				FRAMEWORK_SEARCH_PATHS = (
					"$(SDKROOT)/Developer/Library/Frameworks",
					"$(inherited)",
					"$(DEVELOPER_FRAMEWORKS_DIR)",
				);
				GCC_PRECOMPILE_PREFIX_HEADER = YES;
				GCC_PREFIX_HEADER = "CGDataController/CGDataController-Prefix.pch";
				INFOPLIST_FILE = "CGDataControllerTests/CGDataControllerTests-Info.plist";
				PRODUCT_NAME = "$(TARGET_NAME)";
				WRAPPER_EXTENSION = xctest;
			};
			name = Release;
		};
		2EA0E0A2192D7A3900A24B35 /* Debug */ = {
			isa = XCBuildConfiguration;
			buildSettings = {
				PRODUCT_NAME = "$(TARGET_NAME)";
			};
			name = Debug;
		};
		2EA0E0A3192D7A3900A24B35 /* Release */ = {
			isa = XCBuildConfiguration;
			buildSettings = {
				PRODUCT_NAME = "$(TARGET_NAME)";
			};
			name = Release;
		};
/* End XCBuildConfiguration section */

/* Begin XCConfigurationList section */
		2E19ED2F18E77C5600CB749E /* Build configuration list for PBXProject "CGDataController" */ = {
			isa = XCConfigurationList;
			buildConfigurations = (
				2E19ED5518E77C5600CB749E /* Debug */,
				2E19ED5618E77C5600CB749E /* Release */,
			);
			defaultConfigurationIsVisible = 0;
			defaultConfigurationName = Release;
		};
		2E19ED5718E77C5600CB749E /* Build configuration list for PBXNativeTarget "CGDataController" */ = {
			isa = XCConfigurationList;
			buildConfigurations = (
				2E19ED5818E77C5600CB749E /* Debug */,
				2E19ED5918E77C5600CB749E /* Release */,
			);
			defaultConfigurationIsVisible = 0;
			defaultConfigurationName = Release;
		};
		2E19ED5A18E77C5600CB749E /* Build configuration list for PBXNativeTarget "CGDataControllerTests" */ = {
			isa = XCConfigurationList;
			buildConfigurations = (
				2E19ED5B18E77C5600CB749E /* Debug */,
				2E19ED5C18E77C5600CB749E /* Release */,
			);
			defaultConfigurationIsVisible = 0;
			defaultConfigurationName = Release;
		};
		2EA0E0A4192D7A3900A24B35 /* Build configuration list for PBXAggregateTarget "CGDataControllerUniversal" */ = {
			isa = XCConfigurationList;
			buildConfigurations = (
				2EA0E0A2192D7A3900A24B35 /* Debug */,
				2EA0E0A3192D7A3900A24B35 /* Release */,
			);
			defaultConfigurationIsVisible = 0;
		};
/* End XCConfigurationList section */
	};
	rootObject = 2E19ED2C18E77C5600CB749E /* Project object */;
}
