// !$*UTF8*$!
{
	archiveVersion = 1;
	classes = {
	};
	objectVersion = 46;
	objects = {

/* Begin PBXBuildFile section */
		D38D708A19C8AB18005AFD68 /* main.m in Sources */ = {isa = PBXBuildFile; fileRef = D38D708919C8AB18005AFD68 /* main.m */; };
		D38D709419C8AB36005AFD68 /* CGDataController.m in Sources */ = {isa = PBXBuildFile; fileRef = D38D709219C8AB36005AFD68 /* CGDataController.m */; };
		D38D709519C8AB36005AFD68 /* NSManagedObject+SYNC.m in Sources */ = {isa = PBXBuildFile; fileRef = D38D709319C8AB36005AFD68 /* NSManagedObject+SYNC.m */; };
		D38D709719C8AB73005AFD68 /* CoreData.framework in Frameworks */ = {isa = PBXBuildFile; fileRef = D38D709619C8AB73005AFD68 /* CoreData.framework */; };
		D38D709B19C8ACF1005AFD68 /* Tester.xcdatamodeld in Sources */ = {isa = PBXBuildFile; fileRef = D38D709919C8ACF1005AFD68 /* Tester.xcdatamodeld */; };
		D38D70A119C8B392005AFD68 /* SubTest.m in Sources */ = {isa = PBXBuildFile; fileRef = D38D70A019C8B392005AFD68 /* SubTest.m */; };
		D38D70AA19C8D29A005AFD68 /* OneTest.m in Sources */ = {isa = PBXBuildFile; fileRef = D38D70A919C8D29A005AFD68 /* OneTest.m */; };
		D38D70AD19C8D460005AFD68 /* OneManyTest.m in Sources */ = {isa = PBXBuildFile; fileRef = D38D70AC19C8D460005AFD68 /* OneManyTest.m */; };
		D38D70B319C8D460005AFD68 /* ManyTest.m in Sources */ = {isa = PBXBuildFile; fileRef = D38D70B219C8D460005AFD68 /* ManyTest.m */; };
		D38D70B619C8D656005AFD68 /* Test.m in Sources */ = {isa = PBXBuildFile; fileRef = D38D70B519C8D656005AFD68 /* Test.m */; };
		D38D70B919C8D823005AFD68 /* PropertyTest.m in Sources */ = {isa = PBXBuildFile; fileRef = D38D70B819C8D823005AFD68 /* PropertyTest.m */; };
/* End PBXBuildFile section */

/* Begin PBXCopyFilesBuildPhase section */
		D38D708419C8AB18005AFD68 /* CopyFiles */ = {
			isa = PBXCopyFilesBuildPhase;
			buildActionMask = 2147483647;
			dstPath = /usr/share/man/man1/;
			dstSubfolderSpec = 0;
			files = (
			);
			runOnlyForDeploymentPostprocessing = 1;
		};
/* End PBXCopyFilesBuildPhase section */

/* Begin PBXFileReference section */
		D38D708619C8AB18005AFD68 /* CoreDataTester */ = {isa = PBXFileReference; explicitFileType = "compiled.mach-o.executable"; includeInIndex = 0; path = CoreDataTester; sourceTree = BUILT_PRODUCTS_DIR; };
		D38D708919C8AB18005AFD68 /* main.m */ = {isa = PBXFileReference; lastKnownFileType = sourcecode.c.objc; path = main.m; sourceTree = "<group>"; };
		D38D709019C8AB36005AFD68 /* NSManagedObject+SYNC.h */ = {isa = PBXFileReference; fileEncoding = 4; lastKnownFileType = sourcecode.c.h; path = "NSManagedObject+SYNC.h"; sourceTree = "<group>"; };
		D38D709119C8AB36005AFD68 /* CGDataController.h */ = {isa = PBXFileReference; fileEncoding = 4; lastKnownFileType = sourcecode.c.h; path = CGDataController.h; sourceTree = "<group>"; };
		D38D709219C8AB36005AFD68 /* CGDataController.m */ = {isa = PBXFileReference; fileEncoding = 4; lastKnownFileType = sourcecode.c.objc; path = CGDataController.m; sourceTree = "<group>"; };
		D38D709319C8AB36005AFD68 /* NSManagedObject+SYNC.m */ = {isa = PBXFileReference; fileEncoding = 4; lastKnownFileType = sourcecode.c.objc; path = "NSManagedObject+SYNC.m"; sourceTree = "<group>"; };
		D38D709619C8AB73005AFD68 /* CoreData.framework */ = {isa = PBXFileReference; lastKnownFileType = wrapper.framework; name = CoreData.framework; path = System/Library/Frameworks/CoreData.framework; sourceTree = SDKROOT; };
		D38D709A19C8ACF1005AFD68 /* Tester.xcdatamodel */ = {isa = PBXFileReference; lastKnownFileType = wrapper.xcdatamodel; path = Tester.xcdatamodel; sourceTree = "<group>"; };
		D38D709F19C8B392005AFD68 /* SubTest.h */ = {isa = PBXFileReference; fileEncoding = 4; lastKnownFileType = sourcecode.c.h; path = SubTest.h; sourceTree = "<group>"; };
		D38D70A019C8B392005AFD68 /* SubTest.m */ = {isa = PBXFileReference; fileEncoding = 4; lastKnownFileType = sourcecode.c.objc; path = SubTest.m; sourceTree = "<group>"; };
		D38D70A819C8D29A005AFD68 /* OneTest.h */ = {isa = PBXFileReference; fileEncoding = 4; lastKnownFileType = sourcecode.c.h; path = OneTest.h; sourceTree = "<group>"; };
		D38D70A919C8D29A005AFD68 /* OneTest.m */ = {isa = PBXFileReference; fileEncoding = 4; lastKnownFileType = sourcecode.c.objc; path = OneTest.m; sourceTree = "<group>"; };
		D38D70AB19C8D460005AFD68 /* OneManyTest.h */ = {isa = PBXFileReference; fileEncoding = 4; lastKnownFileType = sourcecode.c.h; name = OneManyTest.h; path = ../OneManyTest.h; sourceTree = "<group>"; };
		D38D70AC19C8D460005AFD68 /* OneManyTest.m */ = {isa = PBXFileReference; fileEncoding = 4; lastKnownFileType = sourcecode.c.objc; name = OneManyTest.m; path = ../OneManyTest.m; sourceTree = "<group>"; };
		D38D70B119C8D460005AFD68 /* ManyTest.h */ = {isa = PBXFileReference; fileEncoding = 4; lastKnownFileType = sourcecode.c.h; name = ManyTest.h; path = ../ManyTest.h; sourceTree = "<group>"; };
		D38D70B219C8D460005AFD68 /* ManyTest.m */ = {isa = PBXFileReference; fileEncoding = 4; lastKnownFileType = sourcecode.c.objc; name = ManyTest.m; path = ../ManyTest.m; sourceTree = "<group>"; };
		D38D70B419C8D656005AFD68 /* Test.h */ = {isa = PBXFileReference; fileEncoding = 4; lastKnownFileType = sourcecode.c.h; path = Test.h; sourceTree = "<group>"; };
		D38D70B519C8D656005AFD68 /* Test.m */ = {isa = PBXFileReference; fileEncoding = 4; lastKnownFileType = sourcecode.c.objc; path = Test.m; sourceTree = "<group>"; };
		D38D70B719C8D823005AFD68 /* PropertyTest.h */ = {isa = PBXFileReference; fileEncoding = 4; lastKnownFileType = sourcecode.c.h; path = PropertyTest.h; sourceTree = "<group>"; };
		D38D70B819C8D823005AFD68 /* PropertyTest.m */ = {isa = PBXFileReference; fileEncoding = 4; lastKnownFileType = sourcecode.c.objc; path = PropertyTest.m; sourceTree = "<group>"; };
/* End PBXFileReference section */

/* Begin PBXFrameworksBuildPhase section */
		D38D708319C8AB18005AFD68 /* Frameworks */ = {
			isa = PBXFrameworksBuildPhase;
			buildActionMask = 2147483647;
			files = (
				D38D709719C8AB73005AFD68 /* CoreData.framework in Frameworks */,
			);
			runOnlyForDeploymentPostprocessing = 0;
		};
/* End PBXFrameworksBuildPhase section */

/* Begin PBXGroup section */
		D38D707D19C8AB18005AFD68 = {
			isa = PBXGroup;
			children = (
				D38D708819C8AB18005AFD68 /* CoreDataTester */,
				D38D708719C8AB18005AFD68 /* Products */,
				D38D709819C8AB7B005AFD68 /* Frameworks */,
			);
			sourceTree = "<group>";
		};
		D38D708719C8AB18005AFD68 /* Products */ = {
			isa = PBXGroup;
			children = (
				D38D708619C8AB18005AFD68 /* CoreDataTester */,
			);
			name = Products;
			sourceTree = "<group>";
		};
		D38D708819C8AB18005AFD68 /* CoreDataTester */ = {
			isa = PBXGroup;
			children = (
				D38D708919C8AB18005AFD68 /* main.m */,
				D38D709119C8AB36005AFD68 /* CGDataController.h */,
				D38D709219C8AB36005AFD68 /* CGDataController.m */,
				D38D709019C8AB36005AFD68 /* NSManagedObject+SYNC.h */,
				D38D709319C8AB36005AFD68 /* NSManagedObject+SYNC.m */,
				D38D70B419C8D656005AFD68 /* Test.h */,
				D38D70B519C8D656005AFD68 /* Test.m */,
				D38D70A819C8D29A005AFD68 /* OneTest.h */,
				D38D70A919C8D29A005AFD68 /* OneTest.m */,
				D38D709F19C8B392005AFD68 /* SubTest.h */,
				D38D70A019C8B392005AFD68 /* SubTest.m */,
				D38D70B119C8D460005AFD68 /* ManyTest.h */,
				D38D70B219C8D460005AFD68 /* ManyTest.m */,
				D38D70AB19C8D460005AFD68 /* OneManyTest.h */,
				D38D70AC19C8D460005AFD68 /* OneManyTest.m */,
				D38D70B719C8D823005AFD68 /* PropertyTest.h */,
				D38D70B819C8D823005AFD68 /* PropertyTest.m */,
				D38D709919C8ACF1005AFD68 /* Tester.xcdatamodeld */,
			);
			path = CoreDataTester;
			sourceTree = "<group>";
		};
		D38D709819C8AB7B005AFD68 /* Frameworks */ = {
			isa = PBXGroup;
			children = (
				D38D709619C8AB73005AFD68 /* CoreData.framework */,
			);
			name = Frameworks;
			sourceTree = "<group>";
		};
/* End PBXGroup section */

/* Begin PBXNativeTarget section */
		D38D708519C8AB18005AFD68 /* CoreDataTester */ = {
			isa = PBXNativeTarget;
			buildConfigurationList = D38D708D19C8AB18005AFD68 /* Build configuration list for PBXNativeTarget "CoreDataTester" */;
			buildPhases = (
				D38D708219C8AB18005AFD68 /* Sources */,
				D38D708319C8AB18005AFD68 /* Frameworks */,
				D38D708419C8AB18005AFD68 /* CopyFiles */,
			);
			buildRules = (
			);
			dependencies = (
			);
			name = CoreDataTester;
			productName = CoreDataTester;
			productReference = D38D708619C8AB18005AFD68 /* CoreDataTester */;
			productType = "com.apple.product-type.tool";
		};
/* End PBXNativeTarget section */

/* Begin PBXProject section */
		D38D707E19C8AB18005AFD68 /* Project object */ = {
			isa = PBXProject;
			attributes = {
				LastUpgradeCheck = 0600;
				ORGANIZATIONNAME = "Revision Works, LLC";
				TargetAttributes = {
					D38D708519C8AB18005AFD68 = {
						CreatedOnToolsVersion = 6.0;
					};
				};
			};
			buildConfigurationList = D38D708119C8AB18005AFD68 /* Build configuration list for PBXProject "CoreDataTester" */;
			compatibilityVersion = "Xcode 3.2";
			developmentRegion = English;
			hasScannedForEncodings = 0;
			knownRegions = (
				en,
			);
			mainGroup = D38D707D19C8AB18005AFD68;
			productRefGroup = D38D708719C8AB18005AFD68 /* Products */;
			projectDirPath = "";
			projectRoot = "";
			targets = (
				D38D708519C8AB18005AFD68 /* CoreDataTester */,
			);
		};
/* End PBXProject section */

/* Begin PBXSourcesBuildPhase section */
		D38D708219C8AB18005AFD68 /* Sources */ = {
			isa = PBXSourcesBuildPhase;
			buildActionMask = 2147483647;
			files = (
				D38D70B919C8D823005AFD68 /* PropertyTest.m in Sources */,
				D38D70AA19C8D29A005AFD68 /* OneTest.m in Sources */,
				D38D708A19C8AB18005AFD68 /* main.m in Sources */,
				D38D709419C8AB36005AFD68 /* CGDataController.m in Sources */,
				D38D70B619C8D656005AFD68 /* Test.m in Sources */,
				D38D70AD19C8D460005AFD68 /* OneManyTest.m in Sources */,
				D38D70A119C8B392005AFD68 /* SubTest.m in Sources */,
				D38D709B19C8ACF1005AFD68 /* Tester.xcdatamodeld in Sources */,
				D38D709519C8AB36005AFD68 /* NSManagedObject+SYNC.m in Sources */,
				D38D70B319C8D460005AFD68 /* ManyTest.m in Sources */,
			);
			runOnlyForDeploymentPostprocessing = 0;
		};
/* End PBXSourcesBuildPhase section */

/* Begin XCBuildConfiguration section */
		D38D708B19C8AB18005AFD68 /* Debug */ = {
			isa = XCBuildConfiguration;
			buildSettings = {
				ALWAYS_SEARCH_USER_PATHS = NO;
				CLANG_CXX_LANGUAGE_STANDARD = "gnu++0x";
				CLANG_CXX_LIBRARY = "libc++";
				CLANG_ENABLE_MODULES = YES;
				CLANG_ENABLE_OBJC_ARC = YES;
				CLANG_WARN_BOOL_CONVERSION = YES;
				CLANG_WARN_CONSTANT_CONVERSION = YES;
				CLANG_WARN_DIRECT_OBJC_ISA_USAGE = YES_ERROR;
				CLANG_WARN_EMPTY_BODY = YES;
				CLANG_WARN_ENUM_CONVERSION = YES;
				CLANG_WARN_INT_CONVERSION = YES;
				CLANG_WARN_OBJC_ROOT_CLASS = YES_ERROR;
				CLANG_WARN_UNREACHABLE_CODE = YES;
				CLANG_WARN__DUPLICATE_METHOD_MATCH = YES;
				COPY_PHASE_STRIP = NO;
				ENABLE_STRICT_OBJC_MSGSEND = YES;
				GCC_C_LANGUAGE_STANDARD = gnu99;
				GCC_DYNAMIC_NO_PIC = NO;
				GCC_OPTIMIZATION_LEVEL = 0;
				GCC_PREPROCESSOR_DEFINITIONS = (
					"DEBUG=1",
					"$(inherited)",
				);
				GCC_SYMBOLS_PRIVATE_EXTERN = NO;
				GCC_WARN_64_TO_32_BIT_CONVERSION = YES;
				GCC_WARN_ABOUT_RETURN_TYPE = YES_ERROR;
				GCC_WARN_UNDECLARED_SELECTOR = YES;
				GCC_WARN_UNINITIALIZED_AUTOS = YES_AGGRESSIVE;
				GCC_WARN_UNUSED_FUNCTION = YES;
				GCC_WARN_UNUSED_VARIABLE = YES;
				MACOSX_DEPLOYMENT_TARGET = 10.10;
				MTL_ENABLE_DEBUG_INFO = YES;
				ONLY_ACTIVE_ARCH = YES;
				SDKROOT = macosx;
			};
			name = Debug;
		};
		D38D708C19C8AB18005AFD68 /* Release */ = {
			isa = XCBuildConfiguration;
			buildSettings = {
				ALWAYS_SEARCH_USER_PATHS = NO;
				CLANG_CXX_LANGUAGE_STANDARD = "gnu++0x";
				CLANG_CXX_LIBRARY = "libc++";
				CLANG_ENABLE_MODULES = YES;
				CLANG_ENABLE_OBJC_ARC = YES;
				CLANG_WARN_BOOL_CONVERSION = YES;
				CLANG_WARN_CONSTANT_CONVERSION = YES;
				CLANG_WARN_DIRECT_OBJC_ISA_USAGE = YES_ERROR;
				CLANG_WARN_EMPTY_BODY = YES;
				CLANG_WARN_ENUM_CONVERSION = YES;
				CLANG_WARN_INT_CONVERSION = YES;
				CLANG_WARN_OBJC_ROOT_CLASS = YES_ERROR;
				CLANG_WARN_UNREACHABLE_CODE = YES;
				CLANG_WARN__DUPLICATE_METHOD_MATCH = YES;
				COPY_PHASE_STRIP = YES;
				DEBUG_INFORMATION_FORMAT = "dwarf-with-dsym";
				ENABLE_NS_ASSERTIONS = NO;
				ENABLE_STRICT_OBJC_MSGSEND = YES;
				GCC_C_LANGUAGE_STANDARD = gnu99;
				GCC_WARN_64_TO_32_BIT_CONVERSION = YES;
				GCC_WARN_ABOUT_RETURN_TYPE = YES_ERROR;
				GCC_WARN_UNDECLARED_SELECTOR = YES;
				GCC_WARN_UNINITIALIZED_AUTOS = YES_AGGRESSIVE;
				GCC_WARN_UNUSED_FUNCTION = YES;
				GCC_WARN_UNUSED_VARIABLE = YES;
				MACOSX_DEPLOYMENT_TARGET = 10.10;
				MTL_ENABLE_DEBUG_INFO = NO;
				SDKROOT = macosx;
			};
			name = Release;
		};
		D38D708E19C8AB18005AFD68 /* Debug */ = {
			isa = XCBuildConfiguration;
			buildSettings = {
				MACOSX_DEPLOYMENT_TARGET = 10.9;
				PRODUCT_NAME = "$(TARGET_NAME)";
			};
			name = Debug;
		};
		D38D708F19C8AB18005AFD68 /* Release */ = {
			isa = XCBuildConfiguration;
			buildSettings = {
				MACOSX_DEPLOYMENT_TARGET = 10.9;
				PRODUCT_NAME = "$(TARGET_NAME)";
			};
			name = Release;
		};
/* End XCBuildConfiguration section */

/* Begin XCConfigurationList section */
		D38D708119C8AB18005AFD68 /* Build configuration list for PBXProject "CoreDataTester" */ = {
			isa = XCConfigurationList;
			buildConfigurations = (
				D38D708B19C8AB18005AFD68 /* Debug */,
				D38D708C19C8AB18005AFD68 /* Release */,
			);
			defaultConfigurationIsVisible = 0;
			defaultConfigurationName = Release;
		};
		D38D708D19C8AB18005AFD68 /* Build configuration list for PBXNativeTarget "CoreDataTester" */ = {
			isa = XCConfigurationList;
			buildConfigurations = (
				D38D708E19C8AB18005AFD68 /* Debug */,
				D38D708F19C8AB18005AFD68 /* Release */,
			);
			defaultConfigurationIsVisible = 0;
		};
/* End XCConfigurationList section */

/* Begin XCVersionGroup section */
		D38D709919C8ACF1005AFD68 /* Tester.xcdatamodeld */ = {
			isa = XCVersionGroup;
			children = (
				D38D709A19C8ACF1005AFD68 /* Tester.xcdatamodel */,
			);
			currentVersion = D38D709A19C8ACF1005AFD68 /* Tester.xcdatamodel */;
			path = Tester.xcdatamodeld;
			sourceTree = "<group>";
			versionGroupType = wrapper.xcdatamodel;
		};
/* End XCVersionGroup section */
	};
	rootObject = D38D707E19C8AB18005AFD68 /* Project object */;
}
